
Microsoft Visual Studio Solution File, Format Version 12.00
# Visual Studio Version 17
VisualStudioVersion = 17.6.33712.159
MinimumVisualStudioVersion = 10.0.40219.1
Project("{FAE04EC0-301F-11D3-BF4B-00C04F79EFBC}") = "urbonsolution_website_automation", "urbonsolution_website_automation\urbonsolution_website_automation.csproj", "{697D23B0-BEC2-4B98-9F1C-793085EF559C}"
EndProject
Global
	GlobalSection(SolutionConfigurationPlatforms) = preSolution
		Debug|Any CPU = Debug|Any CPU
		Release|Any CPU = Release|Any CPU
	EndGlobalSection
	GlobalSection(ProjectConfigurationPlatforms) = postSolution
		{697D23B0-BEC2-4B98-9F1C-793085EF559C}.Debug|Any CPU.ActiveCfg = Debug|Any CPU
		{697D23B0-BEC2-4B98-9F1C-793085EF559C}.Debug|Any CPU.Build.0 = Debug|Any CPU
		{697D23B0-BEC2-4B98-9F1C-793085EF559C}.Release|Any CPU.ActiveCfg = Release|Any CPU
		{697D23B0-BEC2-4B98-9F1C-793085EF559C}.Release|Any CPU.Build.0 = Release|Any CPU
	EndGlobalSection
	GlobalSection(SolutionProperties) = preSolution
		HideSolutionNode = FALSE
	EndGlobalSection
	GlobalSection(ExtensibilityGlobals) = postSolution
		SolutionGuid = {DE35E590-C5AD-4DBF-92BA-76E7CAFA9340}
	EndGlobalSection
EndGlobal
